
Microsoft Visual Studio Solution File, Format Version 12.00
# Visual Studio Version 17
VisualStudioVersion = 17.2.32630.192
MinimumVisualStudioVersion = 10.0.40219.1
Project("{FAE04EC0-301F-11D3-BF4B-00C04F79EFBC}") = "WebAPI", "Twitter\WebAPI\WebAPI.csproj", "{DC0BBC04-2FA7-496D-A423-CEE225400275}"
EndProject
Project("{FAE04EC0-301F-11D3-BF4B-00C04F79EFBC}") = "Business", "Twitter\Business\Business.csproj", "{AB64FF41-FF5D-4BAA-A893-9A4359D25867}"
EndProject
Project("{FAE04EC0-301F-11D3-BF4B-00C04F79EFBC}") = "DataAccess", "Twitter\DataAccess\DataAccess.csproj", "{8722F9AB-782E-40C5-8ED3-F853852411A6}"
EndProject
Project("{FAE04EC0-301F-11D3-BF4B-00C04F79EFBC}") = "Core", "Twitter\Core\Core.csproj", "{3F4754D0-2944-4F63-AE3A-0D77D6FE52BE}"
EndProject
Project("{FAE04EC0-301F-11D3-BF4B-00C04F79EFBC}") = "Entities", "Twitter\Entities\Entities.csproj", "{7F3CF778-A7E8-4E40-988E-E440C90420E9}"
EndProject
Global
	GlobalSection(SolutionConfigurationPlatforms) = preSolution
		Debug|Any CPU = Debug|Any CPU
		Release|Any CPU = Release|Any CPU
	EndGlobalSection
	GlobalSection(ProjectConfigurationPlatforms) = postSolution
		{DC0BBC04-2FA7-496D-A423-CEE225400275}.Debug|Any CPU.ActiveCfg = Debug|Any CPU
		{DC0BBC04-2FA7-496D-A423-CEE225400275}.Debug|Any CPU.Build.0 = Debug|Any CPU
		{DC0BBC04-2FA7-496D-A423-CEE225400275}.Release|Any CPU.ActiveCfg = Release|Any CPU
		{DC0BBC04-2FA7-496D-A423-CEE225400275}.Release|Any CPU.Build.0 = Release|Any CPU
		{AB64FF41-FF5D-4BAA-A893-9A4359D25867}.Debug|Any CPU.ActiveCfg = Debug|Any CPU
		{AB64FF41-FF5D-4BAA-A893-9A4359D25867}.Debug|Any CPU.Build.0 = Debug|Any CPU
		{AB64FF41-FF5D-4BAA-A893-9A4359D25867}.Release|Any CPU.ActiveCfg = Release|Any CPU
		{AB64FF41-FF5D-4BAA-A893-9A4359D25867}.Release|Any CPU.Build.0 = Release|Any CPU
		{8722F9AB-782E-40C5-8ED3-F853852411A6}.Debug|Any CPU.ActiveCfg = Debug|Any CPU
		{8722F9AB-782E-40C5-8ED3-F853852411A6}.Debug|Any CPU.Build.0 = Debug|Any CPU
		{8722F9AB-782E-40C5-8ED3-F853852411A6}.Release|Any CPU.ActiveCfg = Release|Any CPU
		{8722F9AB-782E-40C5-8ED3-F853852411A6}.Release|Any CPU.Build.0 = Release|Any CPU
		{3F4754D0-2944-4F63-AE3A-0D77D6FE52BE}.Debug|Any CPU.ActiveCfg = Debug|Any CPU
		{3F4754D0-2944-4F63-AE3A-0D77D6FE52BE}.Debug|Any CPU.Build.0 = Debug|Any CPU
		{3F4754D0-2944-4F63-AE3A-0D77D6FE52BE}.Release|Any CPU.ActiveCfg = Release|Any CPU
		{3F4754D0-2944-4F63-AE3A-0D77D6FE52BE}.Release|Any CPU.Build.0 = Release|Any CPU
		{7F3CF778-A7E8-4E40-988E-E440C90420E9}.Debug|Any CPU.ActiveCfg = Debug|Any CPU
		{7F3CF778-A7E8-4E40-988E-E440C90420E9}.Debug|Any CPU.Build.0 = Debug|Any CPU
		{7F3CF778-A7E8-4E40-988E-E440C90420E9}.Release|Any CPU.ActiveCfg = Release|Any CPU
		{7F3CF778-A7E8-4E40-988E-E440C90420E9}.Release|Any CPU.Build.0 = Release|Any CPU
	EndGlobalSection
	GlobalSection(SolutionProperties) = preSolution
		HideSolutionNode = FALSE
	EndGlobalSection
	GlobalSection(ExtensibilityGlobals) = postSolution
		SolutionGuid = {0943FD8B-F7A6-4AD8-B74D-56F2E8E7F019}
	EndGlobalSection
EndGlobal
